<?xml version="1.0" encoding="utf-8"?>
<Project ToolsVersion="4.0" xmlns="http://schemas.microsoft.com/developer/msbuild/2003">
  <ItemGroup>
    <Filter Include="Source Files">
      <UniqueIdentifier>{4FC737F1-C7A5-4376-A066-2A32D752A2FF}</UniqueIdentifier>
      <Extensions>cpp;c;cc;cxx;def;odl;idl;hpj;bat;asm;asmx</Extensions>
    </Filter>
    <Filter Include="Header Files">
      <UniqueIdentifier>{93995380-89BD-4b04-88EB-625FBE52EBFB}</UniqueIdentifier>
      <Extensions>h;hh;hpp;hxx;hm;inl;inc;xsd</Extensions>
    </Filter>
    <Filter Include="Resource Files">
      <UniqueIdentifier>{67DA6AB6-F800-4c08-8B7A-83BB121AAD01}</UniqueIdentifier>
      <Extensions>rc;ico;cur;bmp;dlg;rc2;rct;bin;rgs;gif;jpg;jpeg;jpe;resx;tiff;tif;png;wav;mfcribbon-ms</Extensions>
    </Filter>
    <Filter Include="De|Encryption">
      <UniqueIdentifier>{d004e80f-8544-4c1b-b410-fc2e9f172828}</UniqueIdentifier>
    </Filter>
    <Filter Include="De|Encryption\BinaryString">
      <UniqueIdentifier>{15b1a0e9-7311-4981-9952-09ed197437c1}</UniqueIdentifier>
    </Filter>
    <Filter Include="De|Encryption\Pi">
      <UniqueIdentifier>{7d9bd35f-a12e-4642-91ce-25e6a685afcf}</UniqueIdentifier>
    </Filter>
    <Filter Include="De|Encryption\GetKey">
      <UniqueIdentifier>{e790d2a4-c859-4585-b6cb-51d5e73d8dee}</UniqueIdentifier>
    </Filter>
  </ItemGroup>
  <ItemGroup>
    <ClInclude Include="BinaryString.h">
      <Filter>De|Encryption\BinaryString</Filter>
    </ClInclude>
    <ClInclude Include="PiBox.h">
      <Filter>De|Encryption\Pi</Filter>
    </ClInclude>
    <ClInclude Include="KeyArray.h">
      <Filter>De|Encryption\GetKey</Filter>
    </ClInclude>
    <ClInclude Include="BlockCryption.h">
      <Filter>De|Encryption</Filter>
    </ClInclude>
  </ItemGroup>
  <ItemGroup>
    <ClCompile Include="BinaryString.cpp">
      <Filter>De|Encryption\BinaryString</Filter>
    </ClCompile>
    <ClCompile Include="BinaryStringTest.cpp">
      <Filter>De|Encryption\BinaryString</Filter>
    </ClCompile>
    <ClCompile Include="PiBoxTest.cpp">
      <Filter>De|Encryption\Pi</Filter>
    </ClCompile>
    <ClCompile Include="PiBox.cpp">
      <Filter>De|Encryption\Pi</Filter>
    </ClCompile>
    <ClCompile Include="KeyArray.cpp">
      <Filter>De|Encryption\GetKey</Filter>
    </ClCompile>
    <ClCompile Include="KeyArrayTest.cpp">
      <Filter>De|Encryption\GetKey</Filter>
    </ClCompile>
    <ClCompile Include="BlockCryptionTest.cpp">
      <Filter>De|Encryption</Filter>
    </ClCompile>
    <ClCompile Include="BlockCryption.cpp">
      <Filter>De|Encryption</Filter>
    </ClCompile>
  </ItemGroup>
</Project>